
Microsoft Visual Studio Solution File, Format Version 12.00
# Visual Studio 14
VisualStudioVersion = 14.0.24720.0
MinimumVisualStudioVersion = 10.0.40219.1
Project("{8BC9CEB8-8B4A-11D0-8D11-00A0C91BC942}") = "Sample2Layer_MFC", "Sample2Layer_MFC.vcxproj", "{2AA7BF5C-89DD-4E20-A85E-436831DF562E}"
EndProject
Project("{8BC9CEB8-8B4A-11D0-8D11-00A0C91BC942}") = "Sample2Layer_RTX", "Sample2Layer_RTX\Sample2Layer_RTX.vcxproj", "{E0B19889-11F2-4020-9BD2-334CD98E7810}"
EndProject
Global
	GlobalSection(SolutionConfigurationPlatforms) = preSolution
		Debug|x86 = Debug|x86
		Release|x86 = Release|x86
		RtssDebug|x86 = RtssDebug|x86
		RtssRelease|x86 = RtssRelease|x86
	EndGlobalSection
	GlobalSection(ProjectConfigurationPlatforms) = postSolution
		{2AA7BF5C-89DD-4E20-A85E-436831DF562E}.Debug|x86.ActiveCfg = Debug|Win32
		{2AA7BF5C-89DD-4E20-A85E-436831DF562E}.Debug|x86.Build.0 = Debug|Win32
		{2AA7BF5C-89DD-4E20-A85E-436831DF562E}.Release|x86.ActiveCfg = Release|Win32
		{2AA7BF5C-89DD-4E20-A85E-436831DF562E}.Release|x86.Build.0 = Release|Win32
		{2AA7BF5C-89DD-4E20-A85E-436831DF562E}.RtssDebug|x86.ActiveCfg = Debug|Win32
		{2AA7BF5C-89DD-4E20-A85E-436831DF562E}.RtssDebug|x86.Build.0 = Debug|Win32
		{2AA7BF5C-89DD-4E20-A85E-436831DF562E}.RtssRelease|x86.ActiveCfg = Release|Win32
		{2AA7BF5C-89DD-4E20-A85E-436831DF562E}.RtssRelease|x86.Build.0 = Release|Win32
		{E0B19889-11F2-4020-9BD2-334CD98E7810}.Debug|x86.ActiveCfg = Debug|Win32
		{E0B19889-11F2-4020-9BD2-334CD98E7810}.Debug|x86.Build.0 = Debug|Win32
		{E0B19889-11F2-4020-9BD2-334CD98E7810}.Release|x86.ActiveCfg = Release|Win32
		{E0B19889-11F2-4020-9BD2-334CD98E7810}.Release|x86.Build.0 = Release|Win32
		{E0B19889-11F2-4020-9BD2-334CD98E7810}.RtssDebug|x86.ActiveCfg = RtssDebug|Win32
		{E0B19889-11F2-4020-9BD2-334CD98E7810}.RtssDebug|x86.Build.0 = RtssDebug|Win32
		{E0B19889-11F2-4020-9BD2-334CD98E7810}.RtssRelease|x86.ActiveCfg = RtssRelease|Win32
		{E0B19889-11F2-4020-9BD2-334CD98E7810}.RtssRelease|x86.Build.0 = RtssRelease|Win32
	EndGlobalSection
	GlobalSection(SolutionProperties) = preSolution
		HideSolutionNode = FALSE
	EndGlobalSection
EndGlobal
