
Microsoft Visual Studio Solution File, Format Version 11.00
# Visual Studio 2010
Project("{8BC9CEB8-8B4A-11D0-8D11-00A0C91BC942}") = "SampleWin32CiA402", "SampleWin32CiA402.vcxproj", "{FE4EE442-C575-4F07-8C50-D4B9E6C72FA2}"
EndProject
Global
	GlobalSection(SolutionConfigurationPlatforms) = preSolution
		Debug|Win32 = Debug|Win32
		Release|Win32 = Release|Win32
	EndGlobalSection
	GlobalSection(ProjectConfigurationPlatforms) = postSolution
		{FE4EE442-C575-4F07-8C50-D4B9E6C72FA2}.Debug|Win32.ActiveCfg = Debug|Win32
		{FE4EE442-C575-4F07-8C50-D4B9E6C72FA2}.Debug|Win32.Build.0 = Debug|Win32
		{FE4EE442-C575-4F07-8C50-D4B9E6C72FA2}.Release|Win32.ActiveCfg = Release|Win32
		{FE4EE442-C575-4F07-8C50-D4B9E6C72FA2}.Release|Win32.Build.0 = Release|Win32
	EndGlobalSection
	GlobalSection(SolutionProperties) = preSolution
		HideSolutionNode = FALSE
	EndGlobalSection
EndGlobal
