
Microsoft Visual Studio Solution File, Format Version 11.00
# Visual Studio 2010
Project("{8BC9CEB8-8B4A-11D0-8D11-00A0C91BC942}") = "SampleNexECMRtx", "SampleNexECMRtx\SampleNexECMRtx.vcxproj", "{B457C861-8BD8-4800-9580-257D30B4BBFD}"
EndProject
Project("{8BC9CEB8-8B4A-11D0-8D11-00A0C91BC942}") = "SampleCiA402P2p", "SampleCiA402P2p\SampleCiA402P2p.vcxproj", "{F11172D7-4F2E-49AB-ABD7-7FE0FA03D362}"
EndProject
Project("{8BC9CEB8-8B4A-11D0-8D11-00A0C91BC942}") = "RwDioNexECMRtx", "RwDioNexECMRtx\RwDioNexECMRtx.vcxproj", "{ED37D837-ACFB-4364-98BD-8E4DBE9888F6}"
EndProject
Project("{8BC9CEB8-8B4A-11D0-8D11-00A0C91BC942}") = "RwDriveParamNexECMRtx", "RwDriveParamNexECMRtx\RwDriveParamNexECMRtx.vcxproj", "{10E9520C-5085-492C-9040-F7EF38B29022}"
EndProject
Project("{8BC9CEB8-8B4A-11D0-8D11-00A0C91BC942}") = "SampleNexECMRtxCSP", "SampleNexECMRtxCSP\SampleNexECMRtxCSP.vcxproj", "{55C267C4-9847-433B-9F72-9F2288D1C3C5}"
EndProject
Global
	GlobalSection(SolutionConfigurationPlatforms) = preSolution
		Debug|Mixed Platforms = Debug|Mixed Platforms
		Debug|TwinCAT CE7 (ARMV7) = Debug|TwinCAT CE7 (ARMV7)
		Debug|TwinCAT RT (x64) = Debug|TwinCAT RT (x64)
		Debug|TwinCAT RT (x86) = Debug|TwinCAT RT (x86)
		Debug|Win32 = Debug|Win32
		Release|Mixed Platforms = Release|Mixed Platforms
		Release|TwinCAT CE7 (ARMV7) = Release|TwinCAT CE7 (ARMV7)
		Release|TwinCAT RT (x64) = Release|TwinCAT RT (x64)
		Release|TwinCAT RT (x86) = Release|TwinCAT RT (x86)
		Release|Win32 = Release|Win32
		RTSSDebug|Mixed Platforms = RTSSDebug|Mixed Platforms
		RTSSDebug|TwinCAT CE7 (ARMV7) = RTSSDebug|TwinCAT CE7 (ARMV7)
		RTSSDebug|TwinCAT RT (x64) = RTSSDebug|TwinCAT RT (x64)
		RTSSDebug|TwinCAT RT (x86) = RTSSDebug|TwinCAT RT (x86)
		RTSSDebug|Win32 = RTSSDebug|Win32
		RTSSRelease|Mixed Platforms = RTSSRelease|Mixed Platforms
		RTSSRelease|TwinCAT CE7 (ARMV7) = RTSSRelease|TwinCAT CE7 (ARMV7)
		RTSSRelease|TwinCAT RT (x64) = RTSSRelease|TwinCAT RT (x64)
		RTSSRelease|TwinCAT RT (x86) = RTSSRelease|TwinCAT RT (x86)
		RTSSRelease|Win32 = RTSSRelease|Win32
	EndGlobalSection
	GlobalSection(ProjectConfigurationPlatforms) = postSolution
		{B457C861-8BD8-4800-9580-257D30B4BBFD}.Debug|Mixed Platforms.ActiveCfg = RTSSRelease|Win32
		{B457C861-8BD8-4800-9580-257D30B4BBFD}.Debug|Mixed Platforms.Build.0 = RTSSRelease|Win32
		{B457C861-8BD8-4800-9580-257D30B4BBFD}.Debug|TwinCAT CE7 (ARMV7).ActiveCfg = RTSSRelease|Win32
		{B457C861-8BD8-4800-9580-257D30B4BBFD}.Debug|TwinCAT RT (x64).ActiveCfg = RTSSRelease|Win32
		{B457C861-8BD8-4800-9580-257D30B4BBFD}.Debug|TwinCAT RT (x86).ActiveCfg = RTSSRelease|Win32
		{B457C861-8BD8-4800-9580-257D30B4BBFD}.Debug|Win32.ActiveCfg = RTSSDebug|Win32
		{B457C861-8BD8-4800-9580-257D30B4BBFD}.Debug|Win32.Build.0 = RTSSDebug|Win32
		{B457C861-8BD8-4800-9580-257D30B4BBFD}.Release|Mixed Platforms.ActiveCfg = RTSSRelease|Win32
		{B457C861-8BD8-4800-9580-257D30B4BBFD}.Release|Mixed Platforms.Build.0 = RTSSRelease|Win32
		{B457C861-8BD8-4800-9580-257D30B4BBFD}.Release|TwinCAT CE7 (ARMV7).ActiveCfg = RTSSRelease|Win32
		{B457C861-8BD8-4800-9580-257D30B4BBFD}.Release|TwinCAT RT (x64).ActiveCfg = RTSSRelease|Win32
		{B457C861-8BD8-4800-9580-257D30B4BBFD}.Release|TwinCAT RT (x86).ActiveCfg = RTSSRelease|Win32
		{B457C861-8BD8-4800-9580-257D30B4BBFD}.Release|Win32.ActiveCfg = RTSSDebug|Win32
		{B457C861-8BD8-4800-9580-257D30B4BBFD}.Release|Win32.Build.0 = RTSSDebug|Win32
		{B457C861-8BD8-4800-9580-257D30B4BBFD}.RTSSDebug|Mixed Platforms.ActiveCfg = RTSSDebug|Win32
		{B457C861-8BD8-4800-9580-257D30B4BBFD}.RTSSDebug|Mixed Platforms.Build.0 = RTSSDebug|Win32
		{B457C861-8BD8-4800-9580-257D30B4BBFD}.RTSSDebug|TwinCAT CE7 (ARMV7).ActiveCfg = RTSSDebug|Win32
		{B457C861-8BD8-4800-9580-257D30B4BBFD}.RTSSDebug|TwinCAT RT (x64).ActiveCfg = RTSSDebug|Win32
		{B457C861-8BD8-4800-9580-257D30B4BBFD}.RTSSDebug|TwinCAT RT (x86).ActiveCfg = RTSSDebug|Win32
		{B457C861-8BD8-4800-9580-257D30B4BBFD}.RTSSDebug|Win32.ActiveCfg = RTSSDebug|Win32
		{B457C861-8BD8-4800-9580-257D30B4BBFD}.RTSSDebug|Win32.Build.0 = RTSSDebug|Win32
		{B457C861-8BD8-4800-9580-257D30B4BBFD}.RTSSRelease|Mixed Platforms.ActiveCfg = RTSSRelease|Win32
		{B457C861-8BD8-4800-9580-257D30B4BBFD}.RTSSRelease|Mixed Platforms.Build.0 = RTSSRelease|Win32
		{B457C861-8BD8-4800-9580-257D30B4BBFD}.RTSSRelease|TwinCAT CE7 (ARMV7).ActiveCfg = RTSSRelease|Win32
		{B457C861-8BD8-4800-9580-257D30B4BBFD}.RTSSRelease|TwinCAT RT (x64).ActiveCfg = RTSSRelease|Win32
		{B457C861-8BD8-4800-9580-257D30B4BBFD}.RTSSRelease|TwinCAT RT (x86).ActiveCfg = RTSSRelease|Win32
		{B457C861-8BD8-4800-9580-257D30B4BBFD}.RTSSRelease|Win32.ActiveCfg = RTSSRelease|Win32
		{B457C861-8BD8-4800-9580-257D30B4BBFD}.RTSSRelease|Win32.Build.0 = RTSSRelease|Win32
		{F11172D7-4F2E-49AB-ABD7-7FE0FA03D362}.Debug|Mixed Platforms.ActiveCfg = RTSSRelease|Win32
		{F11172D7-4F2E-49AB-ABD7-7FE0FA03D362}.Debug|Mixed Platforms.Build.0 = RTSSRelease|Win32
		{F11172D7-4F2E-49AB-ABD7-7FE0FA03D362}.Debug|TwinCAT CE7 (ARMV7).ActiveCfg = RTSSRelease|Win32
		{F11172D7-4F2E-49AB-ABD7-7FE0FA03D362}.Debug|TwinCAT RT (x64).ActiveCfg = RTSSRelease|Win32
		{F11172D7-4F2E-49AB-ABD7-7FE0FA03D362}.Debug|TwinCAT RT (x86).ActiveCfg = RTSSRelease|Win32
		{F11172D7-4F2E-49AB-ABD7-7FE0FA03D362}.Debug|Win32.ActiveCfg = RTSSDebug|Win32
		{F11172D7-4F2E-49AB-ABD7-7FE0FA03D362}.Debug|Win32.Build.0 = RTSSDebug|Win32
		{F11172D7-4F2E-49AB-ABD7-7FE0FA03D362}.Release|Mixed Platforms.ActiveCfg = RTSSRelease|Win32
		{F11172D7-4F2E-49AB-ABD7-7FE0FA03D362}.Release|Mixed Platforms.Build.0 = RTSSRelease|Win32
		{F11172D7-4F2E-49AB-ABD7-7FE0FA03D362}.Release|TwinCAT CE7 (ARMV7).ActiveCfg = RTSSRelease|Win32
		{F11172D7-4F2E-49AB-ABD7-7FE0FA03D362}.Release|TwinCAT RT (x64).ActiveCfg = RTSSRelease|Win32
		{F11172D7-4F2E-49AB-ABD7-7FE0FA03D362}.Release|TwinCAT RT (x86).ActiveCfg = RTSSRelease|Win32
		{F11172D7-4F2E-49AB-ABD7-7FE0FA03D362}.Release|Win32.ActiveCfg = RTSSDebug|Win32
		{F11172D7-4F2E-49AB-ABD7-7FE0FA03D362}.Release|Win32.Build.0 = RTSSDebug|Win32
		{F11172D7-4F2E-49AB-ABD7-7FE0FA03D362}.RTSSDebug|Mixed Platforms.ActiveCfg = RTSSDebug|Win32
		{F11172D7-4F2E-49AB-ABD7-7FE0FA03D362}.RTSSDebug|Mixed Platforms.Build.0 = RTSSDebug|Win32
		{F11172D7-4F2E-49AB-ABD7-7FE0FA03D362}.RTSSDebug|TwinCAT CE7 (ARMV7).ActiveCfg = RTSSDebug|Win32
		{F11172D7-4F2E-49AB-ABD7-7FE0FA03D362}.RTSSDebug|TwinCAT RT (x64).ActiveCfg = RTSSDebug|Win32
		{F11172D7-4F2E-49AB-ABD7-7FE0FA03D362}.RTSSDebug|TwinCAT RT (x86).ActiveCfg = RTSSDebug|Win32
		{F11172D7-4F2E-49AB-ABD7-7FE0FA03D362}.RTSSDebug|Win32.ActiveCfg = RTSSDebug|Win32
		{F11172D7-4F2E-49AB-ABD7-7FE0FA03D362}.RTSSDebug|Win32.Build.0 = RTSSDebug|Win32
		{F11172D7-4F2E-49AB-ABD7-7FE0FA03D362}.RTSSRelease|Mixed Platforms.ActiveCfg = RTSSRelease|Win32
		{F11172D7-4F2E-49AB-ABD7-7FE0FA03D362}.RTSSRelease|Mixed Platforms.Build.0 = RTSSRelease|Win32
		{F11172D7-4F2E-49AB-ABD7-7FE0FA03D362}.RTSSRelease|TwinCAT CE7 (ARMV7).ActiveCfg = RTSSRelease|Win32
		{F11172D7-4F2E-49AB-ABD7-7FE0FA03D362}.RTSSRelease|TwinCAT RT (x64).ActiveCfg = RTSSRelease|Win32
		{F11172D7-4F2E-49AB-ABD7-7FE0FA03D362}.RTSSRelease|TwinCAT RT (x86).ActiveCfg = RTSSRelease|Win32
		{F11172D7-4F2E-49AB-ABD7-7FE0FA03D362}.RTSSRelease|Win32.ActiveCfg = RTSSRelease|Win32
		{F11172D7-4F2E-49AB-ABD7-7FE0FA03D362}.RTSSRelease|Win32.Build.0 = RTSSRelease|Win32
		{ED37D837-ACFB-4364-98BD-8E4DBE9888F6}.Debug|Mixed Platforms.ActiveCfg = RTSSRelease|Win32
		{ED37D837-ACFB-4364-98BD-8E4DBE9888F6}.Debug|Mixed Platforms.Build.0 = RTSSRelease|Win32
		{ED37D837-ACFB-4364-98BD-8E4DBE9888F6}.Debug|TwinCAT CE7 (ARMV7).ActiveCfg = RTSSRelease|Win32
		{ED37D837-ACFB-4364-98BD-8E4DBE9888F6}.Debug|TwinCAT RT (x64).ActiveCfg = RTSSRelease|Win32
		{ED37D837-ACFB-4364-98BD-8E4DBE9888F6}.Debug|TwinCAT RT (x86).ActiveCfg = RTSSRelease|Win32
		{ED37D837-ACFB-4364-98BD-8E4DBE9888F6}.Debug|Win32.ActiveCfg = RTSSDebug|Win32
		{ED37D837-ACFB-4364-98BD-8E4DBE9888F6}.Debug|Win32.Build.0 = RTSSDebug|Win32
		{ED37D837-ACFB-4364-98BD-8E4DBE9888F6}.Release|Mixed Platforms.ActiveCfg = RTSSRelease|Win32
		{ED37D837-ACFB-4364-98BD-8E4DBE9888F6}.Release|Mixed Platforms.Build.0 = RTSSRelease|Win32
		{ED37D837-ACFB-4364-98BD-8E4DBE9888F6}.Release|TwinCAT CE7 (ARMV7).ActiveCfg = RTSSRelease|Win32
		{ED37D837-ACFB-4364-98BD-8E4DBE9888F6}.Release|TwinCAT RT (x64).ActiveCfg = RTSSRelease|Win32
		{ED37D837-ACFB-4364-98BD-8E4DBE9888F6}.Release|TwinCAT RT (x86).ActiveCfg = RTSSRelease|Win32
		{ED37D837-ACFB-4364-98BD-8E4DBE9888F6}.Release|Win32.ActiveCfg = RTSSDebug|Win32
		{ED37D837-ACFB-4364-98BD-8E4DBE9888F6}.Release|Win32.Build.0 = RTSSDebug|Win32
		{ED37D837-ACFB-4364-98BD-8E4DBE9888F6}.RTSSDebug|Mixed Platforms.ActiveCfg = RTSSDebug|Win32
		{ED37D837-ACFB-4364-98BD-8E4DBE9888F6}.RTSSDebug|Mixed Platforms.Build.0 = RTSSDebug|Win32
		{ED37D837-ACFB-4364-98BD-8E4DBE9888F6}.RTSSDebug|TwinCAT CE7 (ARMV7).ActiveCfg = RTSSDebug|Win32
		{ED37D837-ACFB-4364-98BD-8E4DBE9888F6}.RTSSDebug|TwinCAT RT (x64).ActiveCfg = RTSSDebug|Win32
		{ED37D837-ACFB-4364-98BD-8E4DBE9888F6}.RTSSDebug|TwinCAT RT (x86).ActiveCfg = RTSSDebug|Win32
		{ED37D837-ACFB-4364-98BD-8E4DBE9888F6}.RTSSDebug|Win32.ActiveCfg = RTSSDebug|Win32
		{ED37D837-ACFB-4364-98BD-8E4DBE9888F6}.RTSSDebug|Win32.Build.0 = RTSSDebug|Win32
		{ED37D837-ACFB-4364-98BD-8E4DBE9888F6}.RTSSRelease|Mixed Platforms.ActiveCfg = RTSSRelease|Win32
		{ED37D837-ACFB-4364-98BD-8E4DBE9888F6}.RTSSRelease|Mixed Platforms.Build.0 = RTSSRelease|Win32
		{ED37D837-ACFB-4364-98BD-8E4DBE9888F6}.RTSSRelease|TwinCAT CE7 (ARMV7).ActiveCfg = RTSSRelease|Win32
		{ED37D837-ACFB-4364-98BD-8E4DBE9888F6}.RTSSRelease|TwinCAT RT (x64).ActiveCfg = RTSSRelease|Win32
		{ED37D837-ACFB-4364-98BD-8E4DBE9888F6}.RTSSRelease|TwinCAT RT (x86).ActiveCfg = RTSSRelease|Win32
		{ED37D837-ACFB-4364-98BD-8E4DBE9888F6}.RTSSRelease|Win32.ActiveCfg = RTSSRelease|Win32
		{ED37D837-ACFB-4364-98BD-8E4DBE9888F6}.RTSSRelease|Win32.Build.0 = RTSSRelease|Win32
		{10E9520C-5085-492C-9040-F7EF38B29022}.Debug|Mixed Platforms.ActiveCfg = RTSSRelease|Win32
		{10E9520C-5085-492C-9040-F7EF38B29022}.Debug|Mixed Platforms.Build.0 = RTSSRelease|Win32
		{10E9520C-5085-492C-9040-F7EF38B29022}.Debug|TwinCAT CE7 (ARMV7).ActiveCfg = RTSSRelease|Win32
		{10E9520C-5085-492C-9040-F7EF38B29022}.Debug|TwinCAT RT (x64).ActiveCfg = RTSSRelease|Win32
		{10E9520C-5085-492C-9040-F7EF38B29022}.Debug|TwinCAT RT (x86).ActiveCfg = RTSSRelease|Win32
		{10E9520C-5085-492C-9040-F7EF38B29022}.Debug|Win32.ActiveCfg = RTSSDebug|Win32
		{10E9520C-5085-492C-9040-F7EF38B29022}.Debug|Win32.Build.0 = RTSSDebug|Win32
		{10E9520C-5085-492C-9040-F7EF38B29022}.Release|Mixed Platforms.ActiveCfg = RTSSRelease|Win32
		{10E9520C-5085-492C-9040-F7EF38B29022}.Release|Mixed Platforms.Build.0 = RTSSRelease|Win32
		{10E9520C-5085-492C-9040-F7EF38B29022}.Release|TwinCAT CE7 (ARMV7).ActiveCfg = RTSSRelease|Win32
		{10E9520C-5085-492C-9040-F7EF38B29022}.Release|TwinCAT RT (x64).ActiveCfg = RTSSRelease|Win32
		{10E9520C-5085-492C-9040-F7EF38B29022}.Release|TwinCAT RT (x86).ActiveCfg = RTSSRelease|Win32
		{10E9520C-5085-492C-9040-F7EF38B29022}.Release|Win32.ActiveCfg = RTSSDebug|Win32
		{10E9520C-5085-492C-9040-F7EF38B29022}.Release|Win32.Build.0 = RTSSDebug|Win32
		{10E9520C-5085-492C-9040-F7EF38B29022}.RTSSDebug|Mixed Platforms.ActiveCfg = RTSSDebug|Win32
		{10E9520C-5085-492C-9040-F7EF38B29022}.RTSSDebug|Mixed Platforms.Build.0 = RTSSDebug|Win32
		{10E9520C-5085-492C-9040-F7EF38B29022}.RTSSDebug|TwinCAT CE7 (ARMV7).ActiveCfg = RTSSDebug|Win32
		{10E9520C-5085-492C-9040-F7EF38B29022}.RTSSDebug|TwinCAT RT (x64).ActiveCfg = RTSSDebug|Win32
		{10E9520C-5085-492C-9040-F7EF38B29022}.RTSSDebug|TwinCAT RT (x86).ActiveCfg = RTSSDebug|Win32
		{10E9520C-5085-492C-9040-F7EF38B29022}.RTSSDebug|Win32.ActiveCfg = RTSSDebug|Win32
		{10E9520C-5085-492C-9040-F7EF38B29022}.RTSSDebug|Win32.Build.0 = RTSSDebug|Win32
		{10E9520C-5085-492C-9040-F7EF38B29022}.RTSSRelease|Mixed Platforms.ActiveCfg = RTSSRelease|Win32
		{10E9520C-5085-492C-9040-F7EF38B29022}.RTSSRelease|Mixed Platforms.Build.0 = RTSSRelease|Win32
		{10E9520C-5085-492C-9040-F7EF38B29022}.RTSSRelease|TwinCAT CE7 (ARMV7).ActiveCfg = RTSSRelease|Win32
		{10E9520C-5085-492C-9040-F7EF38B29022}.RTSSRelease|TwinCAT RT (x64).ActiveCfg = RTSSRelease|Win32
		{10E9520C-5085-492C-9040-F7EF38B29022}.RTSSRelease|TwinCAT RT (x86).ActiveCfg = RTSSRelease|Win32
		{10E9520C-5085-492C-9040-F7EF38B29022}.RTSSRelease|Win32.ActiveCfg = RTSSRelease|Win32
		{10E9520C-5085-492C-9040-F7EF38B29022}.RTSSRelease|Win32.Build.0 = RTSSRelease|Win32
		{55C267C4-9847-433B-9F72-9F2288D1C3C5}.Debug|Mixed Platforms.ActiveCfg = RTSSRelease|Win32
		{55C267C4-9847-433B-9F72-9F2288D1C3C5}.Debug|Mixed Platforms.Build.0 = RTSSRelease|Win32
		{55C267C4-9847-433B-9F72-9F2288D1C3C5}.Debug|TwinCAT CE7 (ARMV7).ActiveCfg = RTSSRelease|Win32
		{55C267C4-9847-433B-9F72-9F2288D1C3C5}.Debug|TwinCAT RT (x64).ActiveCfg = RTSSRelease|Win32
		{55C267C4-9847-433B-9F72-9F2288D1C3C5}.Debug|TwinCAT RT (x86).ActiveCfg = RTSSRelease|Win32
		{55C267C4-9847-433B-9F72-9F2288D1C3C5}.Debug|Win32.ActiveCfg = RTSSDebug|Win32
		{55C267C4-9847-433B-9F72-9F2288D1C3C5}.Debug|Win32.Build.0 = RTSSDebug|Win32
		{55C267C4-9847-433B-9F72-9F2288D1C3C5}.Release|Mixed Platforms.ActiveCfg = RTSSRelease|Win32
		{55C267C4-9847-433B-9F72-9F2288D1C3C5}.Release|Mixed Platforms.Build.0 = RTSSRelease|Win32
		{55C267C4-9847-433B-9F72-9F2288D1C3C5}.Release|TwinCAT CE7 (ARMV7).ActiveCfg = RTSSRelease|Win32
		{55C267C4-9847-433B-9F72-9F2288D1C3C5}.Release|TwinCAT RT (x64).ActiveCfg = RTSSRelease|Win32
		{55C267C4-9847-433B-9F72-9F2288D1C3C5}.Release|TwinCAT RT (x86).ActiveCfg = RTSSRelease|Win32
		{55C267C4-9847-433B-9F72-9F2288D1C3C5}.Release|Win32.ActiveCfg = RTSSDebug|Win32
		{55C267C4-9847-433B-9F72-9F2288D1C3C5}.Release|Win32.Build.0 = RTSSDebug|Win32
		{55C267C4-9847-433B-9F72-9F2288D1C3C5}.RTSSDebug|Mixed Platforms.ActiveCfg = RTSSDebug|Win32
		{55C267C4-9847-433B-9F72-9F2288D1C3C5}.RTSSDebug|Mixed Platforms.Build.0 = RTSSDebug|Win32
		{55C267C4-9847-433B-9F72-9F2288D1C3C5}.RTSSDebug|TwinCAT CE7 (ARMV7).ActiveCfg = RTSSDebug|Win32
		{55C267C4-9847-433B-9F72-9F2288D1C3C5}.RTSSDebug|TwinCAT RT (x64).ActiveCfg = RTSSDebug|Win32
		{55C267C4-9847-433B-9F72-9F2288D1C3C5}.RTSSDebug|TwinCAT RT (x86).ActiveCfg = RTSSDebug|Win32
		{55C267C4-9847-433B-9F72-9F2288D1C3C5}.RTSSDebug|Win32.ActiveCfg = RTSSDebug|Win32
		{55C267C4-9847-433B-9F72-9F2288D1C3C5}.RTSSDebug|Win32.Build.0 = RTSSDebug|Win32
		{55C267C4-9847-433B-9F72-9F2288D1C3C5}.RTSSRelease|Mixed Platforms.ActiveCfg = RTSSRelease|Win32
		{55C267C4-9847-433B-9F72-9F2288D1C3C5}.RTSSRelease|Mixed Platforms.Build.0 = RTSSRelease|Win32
		{55C267C4-9847-433B-9F72-9F2288D1C3C5}.RTSSRelease|TwinCAT CE7 (ARMV7).ActiveCfg = RTSSRelease|Win32
		{55C267C4-9847-433B-9F72-9F2288D1C3C5}.RTSSRelease|TwinCAT RT (x64).ActiveCfg = RTSSRelease|Win32
		{55C267C4-9847-433B-9F72-9F2288D1C3C5}.RTSSRelease|TwinCAT RT (x86).ActiveCfg = RTSSRelease|Win32
		{55C267C4-9847-433B-9F72-9F2288D1C3C5}.RTSSRelease|Win32.ActiveCfg = RTSSRelease|Win32
		{55C267C4-9847-433B-9F72-9F2288D1C3C5}.RTSSRelease|Win32.Build.0 = RTSSRelease|Win32
	EndGlobalSection
	GlobalSection(SolutionProperties) = preSolution
		HideSolutionNode = FALSE
	EndGlobalSection
EndGlobal
